// !$*UTF8*$!
{
	archiveVersion = 1;
	classes = {
	};
	objectVersion = 46;
	objects = {

/* Begin PBXBuildFile section */
		CC087E481AB1CC8C0026C7D1 /* PopupView.swift in Sources */ = {isa = PBXBuildFile; fileRef = CC087E471AB1CC8C0026C7D1 /* PopupView.swift */; };
		CC2269381A8357D500B7C193 /* AppDelegate.swift in Sources */ = {isa = PBXBuildFile; fileRef = CC2269371A8357D500B7C193 /* AppDelegate.swift */; };
		CC22693B1A8357D500B7C193 /* Ones.xcdatamodeld in Sources */ = {isa = PBXBuildFile; fileRef = CC2269391A8357D500B7C193 /* Ones.xcdatamodeld */; };
		CC2269401A8357D500B7C193 /* Main.storyboard in Resources */ = {isa = PBXBuildFile; fileRef = CC22693E1A8357D500B7C193 /* Main.storyboard */; };
		CC2269421A8357D500B7C193 /* Images.xcassets in Resources */ = {isa = PBXBuildFile; fileRef = CC2269411A8357D500B7C193 /* Images.xcassets */; };
		CC2269451A8357D500B7C193 /* LaunchScreen.xib in Resources */ = {isa = PBXBuildFile; fileRef = CC2269431A8357D500B7C193 /* LaunchScreen.xib */; };
		CC2269511A8357D500B7C193 /* OnesTests.swift in Sources */ = {isa = PBXBuildFile; fileRef = CC2269501A8357D500B7C193 /* OnesTests.swift */; };
		CC22696B1A835CDE00B7C193 /* MasterViewController.swift in Sources */ = {isa = PBXBuildFile; fileRef = CC22696A1A835CDE00B7C193 /* MasterViewController.swift */; };
		CC2269771A83BBBB00B7C193 /* QuartzCore.framework in Frameworks */ = {isa = PBXBuildFile; fileRef = CC2269761A83BBBB00B7C193 /* QuartzCore.framework */; };
		CC22697A1A83CECB00B7C193 /* CalendarMonthView.swift in Sources */ = {isa = PBXBuildFile; fileRef = CC2269791A83CECB00B7C193 /* CalendarMonthView.swift */; };
		CC22697F1A84A35500B7C193 /* DictionaryToDataTransformer.swift in Sources */ = {isa = PBXBuildFile; fileRef = CC22697E1A84A35500B7C193 /* DictionaryToDataTransformer.swift */; };
		CC2269891A84B48A00B7C193 /* DetailViewController.swift in Sources */ = {isa = PBXBuildFile; fileRef = CC2269881A84B48A00B7C193 /* DetailViewController.swift */; };
		CC2ABBFB1A84B52F0078DF3A /* CustomSegue.swift in Sources */ = {isa = PBXBuildFile; fileRef = CC2ABBFA1A84B52F0078DF3A /* CustomSegue.swift */; };
		CC2ABBFF1A84FBA80078DF3A /* CustomUnwindSegue.swift in Sources */ = {isa = PBXBuildFile; fileRef = CC2ABBFE1A84FBA80078DF3A /* CustomUnwindSegue.swift */; };
		CC2F2CE81A862BAD004042FD /* AudioToolbox.framework in Frameworks */ = {isa = PBXBuildFile; fileRef = CC2F2CE71A862BAD004042FD /* AudioToolbox.framework */; };
		CC2F2CEA1A8646AD004042FD /* CalendarCellLabel.swift in Sources */ = {isa = PBXBuildFile; fileRef = CC2F2CE91A8646AD004042FD /* CalendarCellLabel.swift */; };
		CC2F2CEC1A866B49004042FD /* AddTaskUnwindSegue.swift in Sources */ = {isa = PBXBuildFile; fileRef = CC2F2CEB1A866B49004042FD /* AddTaskUnwindSegue.swift */; };
		CC44F0961A851B430005690D /* MyNavController.swift in Sources */ = {isa = PBXBuildFile; fileRef = CC44F0951A851B430005690D /* MyNavController.swift */; };
		CC44F0A11A853A340005690D /* TaskTableViewCell.swift in Sources */ = {isa = PBXBuildFile; fileRef = CC44F0A01A853A340005690D /* TaskTableViewCell.swift */; };
		CC44F0A31A854A130005690D /* AddTaskViewController.swift in Sources */ = {isa = PBXBuildFile; fileRef = CC44F0A21A854A130005690D /* AddTaskViewController.swift */; };
		CC44F0A61A854B830005690D /* AddTaskSegue.swift in Sources */ = {isa = PBXBuildFile; fileRef = CC44F0A51A854B830005690D /* AddTaskSegue.swift */; };
		CC44F0A91A85584A0005690D /* borderButton.swift in Sources */ = {isa = PBXBuildFile; fileRef = CC44F0A81A85584A0005690D /* borderButton.swift */; };
		CC44F0AB1A85B9410005690D /* Task.swift in Sources */ = {isa = PBXBuildFile; fileRef = CC44F0AA1A85B9410005690D /* Task.swift */; };
		CC44F0AD1A85C03B0005690D /* taskOpen.caf in Resources */ = {isa = PBXBuildFile; fileRef = CC44F0AC1A85C03B0005690D /* taskOpen.caf */; };
		CC7235D81AB49CEC00EB1E5B /* HUDViewController.swift in Sources */ = {isa = PBXBuildFile; fileRef = CC7235D71AB49CEC00EB1E5B /* HUDViewController.swift */; };
		CC7557B41AB1F819008836F8 /* PromptHUD.swift in Sources */ = {isa = PBXBuildFile; fileRef = CC7557B31AB1F819008836F8 /* PromptHUD.swift */; };
		CC93E7D31AADF51800F2D53E /* PopupSettingView.swift in Sources */ = {isa = PBXBuildFile; fileRef = CC93E7D21AADF51800F2D53E /* PopupSettingView.swift */; };
		CCEAF6FA1AAA0F2100EABB91 /* NotificationCenter.framework in Frameworks */ = {isa = PBXBuildFile; fileRef = CCEAF6F91AAA0F2100EABB91 /* NotificationCenter.framework */; };
		CCEAF6FF1AAA0F2100EABB91 /* TodayViewController.swift in Sources */ = {isa = PBXBuildFile; fileRef = CCEAF6FE1AAA0F2100EABB91 /* TodayViewController.swift */; };
		CCEAF7011AAA0F2100EABB91 /* MainInterface.storyboard in Resources */ = {isa = PBXBuildFile; fileRef = CCEAF7001AAA0F2100EABB91 /* MainInterface.storyboard */; };
		CCEAF7041AAA0F2100EABB91 /* Ones-Today.appex in Embed App Extensions */ = {isa = PBXBuildFile; fileRef = CCEAF6F71AAA0F2100EABB91 /* Ones-Today.appex */; settings = {ATTRIBUTES = (RemoveHeadersOnCopy, ); }; };
		CCF481241A8915DE0057EB35 /* clocked.caf in Resources */ = {isa = PBXBuildFile; fileRef = CCF481231A8915DE0057EB35 /* clocked.caf */; };
/* End PBXBuildFile section */

/* Begin PBXContainerItemProxy section */
		CC22694B1A8357D500B7C193 /* PBXContainerItemProxy */ = {
			isa = PBXContainerItemProxy;
			containerPortal = CC22692A1A8357D500B7C193 /* Project object */;
			proxyType = 1;
			remoteGlobalIDString = CC2269311A8357D500B7C193;
			remoteInfo = Ones;
		};
		CCEAF7021AAA0F2100EABB91 /* PBXContainerItemProxy */ = {
			isa = PBXContainerItemProxy;
			containerPortal = CC22692A1A8357D500B7C193 /* Project object */;
			proxyType = 1;
			remoteGlobalIDString = CCEAF6F61AAA0F2000EABB91;
			remoteInfo = "Ones-Today";
		};
/* End PBXContainerItemProxy section */

/* Begin PBXCopyFilesBuildPhase section */
		CC2269671A83580100B7C193 /* Embed Frameworks */ = {
			isa = PBXCopyFilesBuildPhase;
			buildActionMask = 2147483647;
			dstPath = "";
			dstSubfolderSpec = 10;
			files = (
			);
			name = "Embed Frameworks";
			runOnlyForDeploymentPostprocessing = 0;
		};
		CCEAF7081AAA0F2100EABB91 /* Embed App Extensions */ = {
			isa = PBXCopyFilesBuildPhase;
			buildActionMask = 2147483647;
			dstPath = "";
			dstSubfolderSpec = 13;
			files = (
				CCEAF7041AAA0F2100EABB91 /* Ones-Today.appex in Embed App Extensions */,
			);
			name = "Embed App Extensions";
			runOnlyForDeploymentPostprocessing = 0;
		};
/* End PBXCopyFilesBuildPhase section */

/* Begin PBXFileReference section */
		CC087E471AB1CC8C0026C7D1 /* PopupView.swift */ = {isa = PBXFileReference; fileEncoding = 4; lastKnownFileType = sourcecode.swift; path = PopupView.swift; sourceTree = "<group>"; };
		CC2269321A8357D500B7C193 /* Ones.app */ = {isa = PBXFileReference; explicitFileType = wrapper.application; includeInIndex = 0; path = Ones.app; sourceTree = BUILT_PRODUCTS_DIR; };
		CC2269361A8357D500B7C193 /* Info.plist */ = {isa = PBXFileReference; lastKnownFileType = text.plist.xml; path = Info.plist; sourceTree = "<group>"; };
		CC2269371A8357D500B7C193 /* AppDelegate.swift */ = {isa = PBXFileReference; lastKnownFileType = sourcecode.swift; path = AppDelegate.swift; sourceTree = "<group>"; };
		CC22693A1A8357D500B7C193 /* Ones.xcdatamodel */ = {isa = PBXFileReference; lastKnownFileType = wrapper.xcdatamodel; path = Ones.xcdatamodel; sourceTree = "<group>"; };
		CC22693F1A8357D500B7C193 /* Base */ = {isa = PBXFileReference; lastKnownFileType = file.storyboard; name = Base; path = Base.lproj/Main.storyboard; sourceTree = "<group>"; };
		CC2269411A8357D500B7C193 /* Images.xcassets */ = {isa = PBXFileReference; lastKnownFileType = folder.assetcatalog; path = Images.xcassets; sourceTree = "<group>"; };
		CC2269441A8357D500B7C193 /* Base */ = {isa = PBXFileReference; lastKnownFileType = file.xib; name = Base; path = Base.lproj/LaunchScreen.xib; sourceTree = "<group>"; };
		CC22694A1A8357D500B7C193 /* OnesTests.xctest */ = {isa = PBXFileReference; explicitFileType = wrapper.cfbundle; includeInIndex = 0; path = OnesTests.xctest; sourceTree = BUILT_PRODUCTS_DIR; };
		CC22694F1A8357D500B7C193 /* Info.plist */ = {isa = PBXFileReference; lastKnownFileType = text.plist.xml; path = Info.plist; sourceTree = "<group>"; };
		CC2269501A8357D500B7C193 /* OnesTests.swift */ = {isa = PBXFileReference; lastKnownFileType = sourcecode.swift; path = OnesTests.swift; sourceTree = "<group>"; };
		CC22696A1A835CDE00B7C193 /* MasterViewController.swift */ = {isa = PBXFileReference; fileEncoding = 4; lastKnownFileType = sourcecode.swift; path = MasterViewController.swift; sourceTree = "<group>"; };
		CC2269761A83BBBB00B7C193 /* QuartzCore.framework */ = {isa = PBXFileReference; lastKnownFileType = wrapper.framework; name = QuartzCore.framework; path = System/Library/Frameworks/QuartzCore.framework; sourceTree = SDKROOT; };
		CC2269791A83CECB00B7C193 /* CalendarMonthView.swift */ = {isa = PBXFileReference; fileEncoding = 4; lastKnownFileType = sourcecode.swift; path = CalendarMonthView.swift; sourceTree = "<group>"; };
		CC22697E1A84A35500B7C193 /* DictionaryToDataTransformer.swift */ = {isa = PBXFileReference; fileEncoding = 4; lastKnownFileType = sourcecode.swift; path = DictionaryToDataTransformer.swift; sourceTree = "<group>"; };
		CC2269881A84B48A00B7C193 /* DetailViewController.swift */ = {isa = PBXFileReference; fileEncoding = 4; lastKnownFileType = sourcecode.swift; path = DetailViewController.swift; sourceTree = "<group>"; };
		CC2ABBFA1A84B52F0078DF3A /* CustomSegue.swift */ = {isa = PBXFileReference; fileEncoding = 4; lastKnownFileType = sourcecode.swift; path = CustomSegue.swift; sourceTree = "<group>"; };
		CC2ABBFE1A84FBA80078DF3A /* CustomUnwindSegue.swift */ = {isa = PBXFileReference; fileEncoding = 4; lastKnownFileType = sourcecode.swift; path = CustomUnwindSegue.swift; sourceTree = "<group>"; };
		CC2F2CE71A862BAD004042FD /* AudioToolbox.framework */ = {isa = PBXFileReference; lastKnownFileType = wrapper.framework; name = AudioToolbox.framework; path = System/Library/Frameworks/AudioToolbox.framework; sourceTree = SDKROOT; };
		CC2F2CE91A8646AD004042FD /* CalendarCellLabel.swift */ = {isa = PBXFileReference; fileEncoding = 4; lastKnownFileType = sourcecode.swift; path = CalendarCellLabel.swift; sourceTree = "<group>"; };
		CC2F2CEB1A866B49004042FD /* AddTaskUnwindSegue.swift */ = {isa = PBXFileReference; fileEncoding = 4; lastKnownFileType = sourcecode.swift; path = AddTaskUnwindSegue.swift; sourceTree = "<group>"; };
		CC44F0951A851B430005690D /* MyNavController.swift */ = {isa = PBXFileReference; fileEncoding = 4; lastKnownFileType = sourcecode.swift; path = MyNavController.swift; sourceTree = "<group>"; };
		CC44F0A01A853A340005690D /* TaskTableViewCell.swift */ = {isa = PBXFileReference; fileEncoding = 4; lastKnownFileType = sourcecode.swift; path = TaskTableViewCell.swift; sourceTree = "<group>"; };
		CC44F0A21A854A130005690D /* AddTaskViewController.swift */ = {isa = PBXFileReference; fileEncoding = 4; lastKnownFileType = sourcecode.swift; path = AddTaskViewController.swift; sourceTree = "<group>"; };
		CC44F0A51A854B830005690D /* AddTaskSegue.swift */ = {isa = PBXFileReference; fileEncoding = 4; lastKnownFileType = sourcecode.swift; path = AddTaskSegue.swift; sourceTree = "<group>"; };
		CC44F0A81A85584A0005690D /* borderButton.swift */ = {isa = PBXFileReference; fileEncoding = 4; lastKnownFileType = sourcecode.swift; path = borderButton.swift; sourceTree = "<group>"; };
		CC44F0AA1A85B9410005690D /* Task.swift */ = {isa = PBXFileReference; fileEncoding = 4; lastKnownFileType = sourcecode.swift; path = Task.swift; sourceTree = "<group>"; };
		CC44F0AC1A85C03B0005690D /* taskOpen.caf */ = {isa = PBXFileReference; lastKnownFileType = file; name = taskOpen.caf; path = ../taskOpen.caf; sourceTree = "<group>"; };
		CC7235D71AB49CEC00EB1E5B /* HUDViewController.swift */ = {isa = PBXFileReference; fileEncoding = 4; lastKnownFileType = sourcecode.swift; path = HUDViewController.swift; sourceTree = "<group>"; };
		CC7557B31AB1F819008836F8 /* PromptHUD.swift */ = {isa = PBXFileReference; fileEncoding = 4; lastKnownFileType = sourcecode.swift; path = PromptHUD.swift; sourceTree = "<group>"; };
		CC93E7D21AADF51800F2D53E /* PopupSettingView.swift */ = {isa = PBXFileReference; fileEncoding = 4; lastKnownFileType = sourcecode.swift; path = PopupSettingView.swift; sourceTree = "<group>"; };
		CCEAF6F71AAA0F2100EABB91 /* Ones-Today.appex */ = {isa = PBXFileReference; explicitFileType = "wrapper.app-extension"; includeInIndex = 0; path = "Ones-Today.appex"; sourceTree = BUILT_PRODUCTS_DIR; };
		CCEAF6F91AAA0F2100EABB91 /* NotificationCenter.framework */ = {isa = PBXFileReference; lastKnownFileType = wrapper.framework; name = NotificationCenter.framework; path = System/Library/Frameworks/NotificationCenter.framework; sourceTree = SDKROOT; };
		CCEAF6FD1AAA0F2100EABB91 /* Info.plist */ = {isa = PBXFileReference; lastKnownFileType = text.plist.xml; path = Info.plist; sourceTree = "<group>"; };
		CCEAF6FE1AAA0F2100EABB91 /* TodayViewController.swift */ = {isa = PBXFileReference; lastKnownFileType = sourcecode.swift; path = TodayViewController.swift; sourceTree = "<group>"; };
		CCEAF7001AAA0F2100EABB91 /* MainInterface.storyboard */ = {isa = PBXFileReference; lastKnownFileType = file.storyboard; path = MainInterface.storyboard; sourceTree = "<group>"; };
		CCF481231A8915DE0057EB35 /* clocked.caf */ = {isa = PBXFileReference; lastKnownFileType = file; path = clocked.caf; sourceTree = "<group>"; };
/* End PBXFileReference section */

/* Begin PBXFrameworksBuildPhase section */
		CC22692F1A8357D500B7C193 /* Frameworks */ = {
			isa = PBXFrameworksBuildPhase;
			buildActionMask = 2147483647;
			files = (
				CC2F2CE81A862BAD004042FD /* AudioToolbox.framework in Frameworks */,
				CC2269771A83BBBB00B7C193 /* QuartzCore.framework in Frameworks */,
			);
			runOnlyForDeploymentPostprocessing = 0;
		};
		CC2269471A8357D500B7C193 /* Frameworks */ = {
			isa = PBXFrameworksBuildPhase;
			buildActionMask = 2147483647;
			files = (
			);
			runOnlyForDeploymentPostprocessing = 0;
		};
		CCEAF6F41AAA0F2000EABB91 /* Frameworks */ = {
			isa = PBXFrameworksBuildPhase;
			buildActionMask = 2147483647;
			files = (
				CCEAF6FA1AAA0F2100EABB91 /* NotificationCenter.framework in Frameworks */,
			);
			runOnlyForDeploymentPostprocessing = 0;
		};
/* End PBXFrameworksBuildPhase section */

/* Begin PBXGroup section */
		CC2269291A8357D500B7C193 = {
			isa = PBXGroup;
			children = (
				CC2F2CE71A862BAD004042FD /* AudioToolbox.framework */,
				CC2269761A83BBBB00B7C193 /* QuartzCore.framework */,
				CC2269341A8357D500B7C193 /* Ones */,
				CC22694D1A8357D500B7C193 /* OnesTests */,
				CCEAF6FB1AAA0F2100EABB91 /* Ones-Today */,
				CCEAF6F81AAA0F2100EABB91 /* Frameworks */,
				CC2269331A8357D500B7C193 /* Products */,
			);
			sourceTree = "<group>";
		};
		CC2269331A8357D500B7C193 /* Products */ = {
			isa = PBXGroup;
			children = (
				CC2269321A8357D500B7C193 /* Ones.app */,
				CC22694A1A8357D500B7C193 /* OnesTests.xctest */,
				CCEAF6F71AAA0F2100EABB91 /* Ones-Today.appex */,
			);
			name = Products;
			sourceTree = "<group>";
		};
		CC2269341A8357D500B7C193 /* Ones */ = {
			isa = PBXGroup;
			children = (
				CC2269371A8357D500B7C193 /* AppDelegate.swift */,
				CC22693E1A8357D500B7C193 /* Main.storyboard */,
				CC44F0A71A85560A0005690D /* Segues */,
				CC44F0A41A854A1A0005690D /* Controllers */,
				CC22697D1A84A0AF00B7C193 /* Model */,
				CCEA85751A8682D900B45B81 /* CustomViews */,
				CC2269781A83CE5900B7C193 /* Calendar */,
				CC2269351A8357D500B7C193 /* Supporting Files */,
				CC2269411A8357D500B7C193 /* Images.xcassets */,
				CC2269431A8357D500B7C193 /* LaunchScreen.xib */,
			);
			path = Ones;
			sourceTree = "<group>";
		};
		CC2269351A8357D500B7C193 /* Supporting Files */ = {
			isa = PBXGroup;
			children = (
				CC44F0AC1A85C03B0005690D /* taskOpen.caf */,
				CCF481231A8915DE0057EB35 /* clocked.caf */,
				CC2269361A8357D500B7C193 /* Info.plist */,
			);
			name = "Supporting Files";
			sourceTree = "<group>";
		};
		CC22694D1A8357D500B7C193 /* OnesTests */ = {
			isa = PBXGroup;
			children = (
				CC2269501A8357D500B7C193 /* OnesTests.swift */,
				CC22694E1A8357D500B7C193 /* Supporting Files */,
			);
			path = OnesTests;
			sourceTree = "<group>";
		};
		CC22694E1A8357D500B7C193 /* Supporting Files */ = {
			isa = PBXGroup;
			children = (
				CC22694F1A8357D500B7C193 /* Info.plist */,
			);
			name = "Supporting Files";
			sourceTree = "<group>";
		};
		CC2269781A83CE5900B7C193 /* Calendar */ = {
			isa = PBXGroup;
			children = (
				CC2F2CE91A8646AD004042FD /* CalendarCellLabel.swift */,
				CC2269791A83CECB00B7C193 /* CalendarMonthView.swift */,
			);
			name = Calendar;
			sourceTree = "<group>";
		};
		CC22697D1A84A0AF00B7C193 /* Model */ = {
			isa = PBXGroup;
			children = (
				CC2269391A8357D500B7C193 /* Ones.xcdatamodeld */,
				CC44F0AA1A85B9410005690D /* Task.swift */,
				CC22697E1A84A35500B7C193 /* DictionaryToDataTransformer.swift */,
			);
			name = Model;
			sourceTree = "<group>";
		};
		CC44F0A41A854A1A0005690D /* Controllers */ = {
			isa = PBXGroup;
			children = (
				CC44F0A21A854A130005690D /* AddTaskViewController.swift */,
				CC44F0951A851B430005690D /* MyNavController.swift */,
				CC22696A1A835CDE00B7C193 /* MasterViewController.swift */,
				CC2269881A84B48A00B7C193 /* DetailViewController.swift */,
			);
			name = Controllers;
			sourceTree = "<group>";
		};
		CC44F0A71A85560A0005690D /* Segues */ = {
			isa = PBXGroup;
			children = (
				CC44F0A51A854B830005690D /* AddTaskSegue.swift */,
				CC2F2CEB1A866B49004042FD /* AddTaskUnwindSegue.swift */,
				CC2ABBFA1A84B52F0078DF3A /* CustomSegue.swift */,
				CC2ABBFE1A84FBA80078DF3A /* CustomUnwindSegue.swift */,
			);
			name = Segues;
			sourceTree = "<group>";
		};
		CCEA85751A8682D900B45B81 /* CustomViews */ = {
			isa = PBXGroup;
			children = (
				CC44F0A81A85584A0005690D /* borderButton.swift */,
				CC44F0A01A853A340005690D /* TaskTableViewCell.swift */,
				CC93E7D21AADF51800F2D53E /* PopupSettingView.swift */,
				CC087E471AB1CC8C0026C7D1 /* PopupView.swift */,
				CC7557B31AB1F819008836F8 /* PromptHUD.swift */,
				CC7235D71AB49CEC00EB1E5B /* HUDViewController.swift */,
			);
			name = CustomViews;
			sourceTree = "<group>";
		};
		CCEAF6F81AAA0F2100EABB91 /* Frameworks */ = {
			isa = PBXGroup;
			children = (
				CCEAF6F91AAA0F2100EABB91 /* NotificationCenter.framework */,
			);
			name = Frameworks;
			sourceTree = "<group>";
		};
		CCEAF6FB1AAA0F2100EABB91 /* Ones-Today */ = {
			isa = PBXGroup;
			children = (
				CCEAF6FE1AAA0F2100EABB91 /* TodayViewController.swift */,
				CCEAF7001AAA0F2100EABB91 /* MainInterface.storyboard */,
				CCEAF6FC1AAA0F2100EABB91 /* Supporting Files */,
			);
			path = "Ones-Today";
			sourceTree = "<group>";
		};
		CCEAF6FC1AAA0F2100EABB91 /* Supporting Files */ = {
			isa = PBXGroup;
			children = (
				CCEAF6FD1AAA0F2100EABB91 /* Info.plist */,
			);
			name = "Supporting Files";
			sourceTree = "<group>";
		};
/* End PBXGroup section */

/* Begin PBXNativeTarget section */
		CC2269311A8357D500B7C193 /* Ones */ = {
			isa = PBXNativeTarget;
			buildConfigurationList = CC2269541A8357D500B7C193 /* Build configuration list for PBXNativeTarget "Ones" */;
			buildPhases = (
				CC22692E1A8357D500B7C193 /* Sources */,
				CC22692F1A8357D500B7C193 /* Frameworks */,
				CC2269301A8357D500B7C193 /* Resources */,
				CC2269671A83580100B7C193 /* Embed Frameworks */,
				CCEAF7081AAA0F2100EABB91 /* Embed App Extensions */,
			);
			buildRules = (
			);
			dependencies = (
				CCEAF7031AAA0F2100EABB91 /* PBXTargetDependency */,
			);
			name = Ones;
			productName = Ones;
			productReference = CC2269321A8357D500B7C193 /* Ones.app */;
			productType = "com.apple.product-type.application";
		};
		CC2269491A8357D500B7C193 /* OnesTests */ = {
			isa = PBXNativeTarget;
			buildConfigurationList = CC2269571A8357D500B7C193 /* Build configuration list for PBXNativeTarget "OnesTests" */;
			buildPhases = (
				CC2269461A8357D500B7C193 /* Sources */,
				CC2269471A8357D500B7C193 /* Frameworks */,
				CC2269481A8357D500B7C193 /* Resources */,
			);
			buildRules = (
			);
			dependencies = (
				CC22694C1A8357D500B7C193 /* PBXTargetDependency */,
			);
			name = OnesTests;
			productName = OnesTests;
			productReference = CC22694A1A8357D500B7C193 /* OnesTests.xctest */;
			productType = "com.apple.product-type.bundle.unit-test";
		};
		CCEAF6F61AAA0F2000EABB91 /* Ones-Today */ = {
			isa = PBXNativeTarget;
			buildConfigurationList = CCEAF7071AAA0F2100EABB91 /* Build configuration list for PBXNativeTarget "Ones-Today" */;
			buildPhases = (
				CCEAF6F31AAA0F2000EABB91 /* Sources */,
				CCEAF6F41AAA0F2000EABB91 /* Frameworks */,
				CCEAF6F51AAA0F2000EABB91 /* Resources */,
			);
			buildRules = (
			);
			dependencies = (
			);
			name = "Ones-Today";
			productName = "Ones-Today";
			productReference = CCEAF6F71AAA0F2100EABB91 /* Ones-Today.appex */;
			productType = "com.apple.product-type.app-extension";
		};
/* End PBXNativeTarget section */

/* Begin PBXProject section */
		CC22692A1A8357D500B7C193 /* Project object */ = {
			isa = PBXProject;
			attributes = {
				LastUpgradeCheck = 0610;
				ORGANIZATIONNAME = Bers;
				TargetAttributes = {
					CC2269311A8357D500B7C193 = {
						CreatedOnToolsVersion = 6.1.1;
					};
					CC2269491A8357D500B7C193 = {
						CreatedOnToolsVersion = 6.1.1;
						TestTargetID = CC2269311A8357D500B7C193;
					};
					CCEAF6F61AAA0F2000EABB91 = {
						CreatedOnToolsVersion = 6.3;
					};
				};
			};
			buildConfigurationList = CC22692D1A8357D500B7C193 /* Build configuration list for PBXProject "Ones" */;
			compatibilityVersion = "Xcode 3.2";
			developmentRegion = English;
			hasScannedForEncodings = 0;
			knownRegions = (
				en,
				Base,
			);
			mainGroup = CC2269291A8357D500B7C193;
			productRefGroup = CC2269331A8357D500B7C193 /* Products */;
			projectDirPath = "";
			projectRoot = "";
			targets = (
				CC2269311A8357D500B7C193 /* Ones */,
				CC2269491A8357D500B7C193 /* OnesTests */,
				CCEAF6F61AAA0F2000EABB91 /* Ones-Today */,
			);
		};
/* End PBXProject section */

/* Begin PBXResourcesBuildPhase section */
		CC2269301A8357D500B7C193 /* Resources */ = {
			isa = PBXResourcesBuildPhase;
			buildActionMask = 2147483647;
			files = (
				CC2269401A8357D500B7C193 /* Main.storyboard in Resources */,
				CCF481241A8915DE0057EB35 /* clocked.caf in Resources */,
				CC2269451A8357D500B7C193 /* LaunchScreen.xib in Resources */,
				CC44F0AD1A85C03B0005690D /* taskOpen.caf in Resources */,
				CC2269421A8357D500B7C193 /* Images.xcassets in Resources */,
			);
			runOnlyForDeploymentPostprocessing = 0;
		};
		CC2269481A8357D500B7C193 /* Resources */ = {
			isa = PBXResourcesBuildPhase;
			buildActionMask = 2147483647;
			files = (
			);
			runOnlyForDeploymentPostprocessing = 0;
		};
		CCEAF6F51AAA0F2000EABB91 /* Resources */ = {
			isa = PBXResourcesBuildPhase;
			buildActionMask = 2147483647;
			files = (
				CCEAF7011AAA0F2100EABB91 /* MainInterface.storyboard in Resources */,
			);
			runOnlyForDeploymentPostprocessing = 0;
		};
/* End PBXResourcesBuildPhase section */

/* Begin PBXSourcesBuildPhase section */
		CC22692E1A8357D500B7C193 /* Sources */ = {
			isa = PBXSourcesBuildPhase;
			buildActionMask = 2147483647;
			files = (
				CC22696B1A835CDE00B7C193 /* MasterViewController.swift in Sources */,
				CC44F0A11A853A340005690D /* TaskTableViewCell.swift in Sources */,
				CC22693B1A8357D500B7C193 /* Ones.xcdatamodeld in Sources */,
				CC2269381A8357D500B7C193 /* AppDelegate.swift in Sources */,
				CC2ABBFF1A84FBA80078DF3A /* CustomUnwindSegue.swift in Sources */,
				CC22697F1A84A35500B7C193 /* DictionaryToDataTransformer.swift in Sources */,
				CC44F0AB1A85B9410005690D /* Task.swift in Sources */,
				CC44F0A91A85584A0005690D /* borderButton.swift in Sources */,
				CC93E7D31AADF51800F2D53E /* PopupSettingView.swift in Sources */,
				CC087E481AB1CC8C0026C7D1 /* PopupView.swift in Sources */,
				CC44F0A31A854A130005690D /* AddTaskViewController.swift in Sources */,
				CC2269891A84B48A00B7C193 /* DetailViewController.swift in Sources */,
				CC2F2CEA1A8646AD004042FD /* CalendarCellLabel.swift in Sources */,
				CC2ABBFB1A84B52F0078DF3A /* CustomSegue.swift in Sources */,
				CC7235D81AB49CEC00EB1E5B /* HUDViewController.swift in Sources */,
				CC44F0A61A854B830005690D /* AddTaskSegue.swift in Sources */,
				CC2F2CEC1A866B49004042FD /* AddTaskUnwindSegue.swift in Sources */,
				CC22697A1A83CECB00B7C193 /* CalendarMonthView.swift in Sources */,
				CC7557B41AB1F819008836F8 /* PromptHUD.swift in Sources */,
				CC44F0961A851B430005690D /* MyNavController.swift in Sources */,
			);
			runOnlyForDeploymentPostprocessing = 0;
		};
		CC2269461A8357D500B7C193 /* Sources */ = {
			isa = PBXSourcesBuildPhase;
			buildActionMask = 2147483647;
			files = (
				CC2269511A8357D500B7C193 /* OnesTests.swift in Sources */,
			);
			runOnlyForDeploymentPostprocessing = 0;
		};
		CCEAF6F31AAA0F2000EABB91 /* Sources */ = {
			isa = PBXSourcesBuildPhase;
			buildActionMask = 2147483647;
			files = (
				CCEAF6FF1AAA0F2100EABB91 /* TodayViewController.swift in Sources */,
			);
			runOnlyForDeploymentPostprocessing = 0;
		};
/* End PBXSourcesBuildPhase section */

/* Begin PBXTargetDependency section */
		CC22694C1A8357D500B7C193 /* PBXTargetDependency */ = {
			isa = PBXTargetDependency;
			target = CC2269311A8357D500B7C193 /* Ones */;
			targetProxy = CC22694B1A8357D500B7C193 /* PBXContainerItemProxy */;
		};
		CCEAF7031AAA0F2100EABB91 /* PBXTargetDependency */ = {
			isa = PBXTargetDependency;
			target = CCEAF6F61AAA0F2000EABB91 /* Ones-Today */;
			targetProxy = CCEAF7021AAA0F2100EABB91 /* PBXContainerItemProxy */;
		};
/* End PBXTargetDependency section */

/* Begin PBXVariantGroup section */
		CC22693E1A8357D500B7C193 /* Main.storyboard */ = {
			isa = PBXVariantGroup;
			children = (
				CC22693F1A8357D500B7C193 /* Base */,
			);
			name = Main.storyboard;
			sourceTree = "<group>";
		};
		CC2269431A8357D500B7C193 /* LaunchScreen.xib */ = {
			isa = PBXVariantGroup;
			children = (
				CC2269441A8357D500B7C193 /* Base */,
			);
			name = LaunchScreen.xib;
			sourceTree = "<group>";
		};
/* End PBXVariantGroup section */

/* Begin XCBuildConfiguration section */
		CC2269521A8357D500B7C193 /* Debug */ = {
			isa = XCBuildConfiguration;
			buildSettings = {
				ALWAYS_SEARCH_USER_PATHS = NO;
				CLANG_CXX_LANGUAGE_STANDARD = "gnu++0x";
				CLANG_CXX_LIBRARY = "libc++";
				CLANG_ENABLE_MODULES = YES;
				CLANG_ENABLE_OBJC_ARC = YES;
				CLANG_WARN_BOOL_CONVERSION = YES;
				CLANG_WARN_CONSTANT_CONVERSION = YES;
				CLANG_WARN_DIRECT_OBJC_ISA_USAGE = YES_ERROR;
				CLANG_WARN_EMPTY_BODY = YES;
				CLANG_WARN_ENUM_CONVERSION = YES;
				CLANG_WARN_INT_CONVERSION = YES;
				CLANG_WARN_OBJC_ROOT_CLASS = YES_ERROR;
				CLANG_WARN_UNREACHABLE_CODE = YES;
				CLANG_WARN__DUPLICATE_METHOD_MATCH = YES;
				"CODE_SIGN_IDENTITY[sdk=iphoneos*]" = "iPhone Developer";
				COPY_PHASE_STRIP = NO;
				ENABLE_STRICT_OBJC_MSGSEND = YES;
				GCC_C_LANGUAGE_STANDARD = gnu99;
				GCC_DYNAMIC_NO_PIC = NO;
				GCC_OPTIMIZATION_LEVEL = 0;
				GCC_PREPROCESSOR_DEFINITIONS = (
					"DEBUG=1",
					"$(inherited)",
				);
				GCC_SYMBOLS_PRIVATE_EXTERN = NO;
				GCC_WARN_64_TO_32_BIT_CONVERSION = YES;
				GCC_WARN_ABOUT_RETURN_TYPE = YES_ERROR;
				GCC_WARN_UNDECLARED_SELECTOR = YES;
				GCC_WARN_UNINITIALIZED_AUTOS = YES_AGGRESSIVE;
				GCC_WARN_UNUSED_FUNCTION = YES;
				GCC_WARN_UNUSED_VARIABLE = YES;
				IPHONEOS_DEPLOYMENT_TARGET = 8.1;
				MTL_ENABLE_DEBUG_INFO = YES;
				ONLY_ACTIVE_ARCH = YES;
				SDKROOT = iphoneos;
				SWIFT_OPTIMIZATION_LEVEL = "-Onone";
			};
			name = Debug;
		};
		CC2269531A8357D500B7C193 /* Release */ = {
			isa = XCBuildConfiguration;
			buildSettings = {
				ALWAYS_SEARCH_USER_PATHS = NO;
				CLANG_CXX_LANGUAGE_STANDARD = "gnu++0x";
				CLANG_CXX_LIBRARY = "libc++";
				CLANG_ENABLE_MODULES = YES;
				CLANG_ENABLE_OBJC_ARC = YES;
				CLANG_WARN_BOOL_CONVERSION = YES;
				CLANG_WARN_CONSTANT_CONVERSION = YES;
				CLANG_WARN_DIRECT_OBJC_ISA_USAGE = YES_ERROR;
				CLANG_WARN_EMPTY_BODY = YES;
				CLANG_WARN_ENUM_CONVERSION = YES;
				CLANG_WARN_INT_CONVERSION = YES;
				CLANG_WARN_OBJC_ROOT_CLASS = YES_ERROR;
				CLANG_WARN_UNREACHABLE_CODE = YES;
				CLANG_WARN__DUPLICATE_METHOD_MATCH = YES;
				"CODE_SIGN_IDENTITY[sdk=iphoneos*]" = "iPhone Developer";
				COPY_PHASE_STRIP = YES;
				ENABLE_NS_ASSERTIONS = NO;
				ENABLE_STRICT_OBJC_MSGSEND = YES;
				GCC_C_LANGUAGE_STANDARD = gnu99;
				GCC_WARN_64_TO_32_BIT_CONVERSION = YES;
				GCC_WARN_ABOUT_RETURN_TYPE = YES_ERROR;
				GCC_WARN_UNDECLARED_SELECTOR = YES;
				GCC_WARN_UNINITIALIZED_AUTOS = YES_AGGRESSIVE;
				GCC_WARN_UNUSED_FUNCTION = YES;
				GCC_WARN_UNUSED_VARIABLE = YES;
				IPHONEOS_DEPLOYMENT_TARGET = 8.1;
				MTL_ENABLE_DEBUG_INFO = NO;
				SDKROOT = iphoneos;
				VALIDATE_PRODUCT = YES;
			};
			name = Release;
		};
		CC2269551A8357D500B7C193 /* Debug */ = {
			isa = XCBuildConfiguration;
			buildSettings = {
				ASSETCATALOG_COMPILER_APPICON_NAME = AppIcon;
				EMBEDDED_CONTENT_CONTAINS_SWIFT = YES;
				INFOPLIST_FILE = Ones/Info.plist;
				LD_RUNPATH_SEARCH_PATHS = "$(inherited) @executable_path/Frameworks";
				PRODUCT_NAME = "$(TARGET_NAME)";
			};
			name = Debug;
		};
		CC2269561A8357D500B7C193 /* Release */ = {
			isa = XCBuildConfiguration;
			buildSettings = {
				ASSETCATALOG_COMPILER_APPICON_NAME = AppIcon;
				EMBEDDED_CONTENT_CONTAINS_SWIFT = YES;
				INFOPLIST_FILE = Ones/Info.plist;
				LD_RUNPATH_SEARCH_PATHS = "$(inherited) @executable_path/Frameworks";
				PRODUCT_NAME = "$(TARGET_NAME)";
				SWIFT_OPTIMIZATION_LEVEL = "-O";
			};
			name = Release;
		};
		CC2269581A8357D500B7C193 /* Debug */ = {
			isa = XCBuildConfiguration;
			buildSettings = {
				BUNDLE_LOADER = "$(TEST_HOST)";
				FRAMEWORK_SEARCH_PATHS = (
					"$(SDKROOT)/Developer/Library/Frameworks",
					"$(inherited)",
				);
				GCC_PREPROCESSOR_DEFINITIONS = (
					"DEBUG=1",
					"$(inherited)",
				);
				INFOPLIST_FILE = OnesTests/Info.plist;
				LD_RUNPATH_SEARCH_PATHS = "$(inherited) @executable_path/Frameworks @loader_path/Frameworks";
				PRODUCT_NAME = "$(TARGET_NAME)";
				TEST_HOST = "$(BUILT_PRODUCTS_DIR)/Ones.app/Ones";
			};
			name = Debug;
		};
		CC2269591A8357D500B7C193 /* Release */ = {
			isa = XCBuildConfiguration;
			buildSettings = {
				BUNDLE_LOADER = "$(TEST_HOST)";
				FRAMEWORK_SEARCH_PATHS = (
					"$(SDKROOT)/Developer/Library/Frameworks",
					"$(inherited)",
				);
				INFOPLIST_FILE = OnesTests/Info.plist;
				LD_RUNPATH_SEARCH_PATHS = "$(inherited) @executable_path/Frameworks @loader_path/Frameworks";
				PRODUCT_NAME = "$(TARGET_NAME)";
				TEST_HOST = "$(BUILT_PRODUCTS_DIR)/Ones.app/Ones";
			};
			name = Release;
		};
		CCEAF7051AAA0F2100EABB91 /* Debug */ = {
			isa = XCBuildConfiguration;
			buildSettings = {
				DEBUG_INFORMATION_FORMAT = dwarf;
				GCC_PREPROCESSOR_DEFINITIONS = (
					"DEBUG=1",
					"$(inherited)",
				);
				INFOPLIST_FILE = "Ones-Today/Info.plist";
				IPHONEOS_DEPLOYMENT_TARGET = 8.0;
				LD_RUNPATH_SEARCH_PATHS = "$(inherited) @executable_path/Frameworks @executable_path/../../Frameworks";
				PRODUCT_NAME = "$(TARGET_NAME)";
				SKIP_INSTALL = YES;
			};
			name = Debug;
		};
		CCEAF7061AAA0F2100EABB91 /* Release */ = {
			isa = XCBuildConfiguration;
			buildSettings = {
				COPY_PHASE_STRIP = NO;
				DEBUG_INFORMATION_FORMAT = "dwarf-with-dsym";
				INFOPLIST_FILE = "Ones-Today/Info.plist";
				IPHONEOS_DEPLOYMENT_TARGET = 8.0;
				LD_RUNPATH_SEARCH_PATHS = "$(inherited) @executable_path/Frameworks @executable_path/../../Frameworks";
				PRODUCT_NAME = "$(TARGET_NAME)";
				SKIP_INSTALL = YES;
			};
			name = Release;
		};
/* End XCBuildConfiguration section */

/* Begin XCConfigurationList section */
		CC22692D1A8357D500B7C193 /* Build configuration list for PBXProject "Ones" */ = {
			isa = XCConfigurationList;
			buildConfigurations = (
				CC2269521A8357D500B7C193 /* Debug */,
				CC2269531A8357D500B7C193 /* Release */,
			);
			defaultConfigurationIsVisible = 0;
			defaultConfigurationName = Release;
		};
		CC2269541A8357D500B7C193 /* Build configuration list for PBXNativeTarget "Ones" */ = {
			isa = XCConfigurationList;
			buildConfigurations = (
				CC2269551A8357D500B7C193 /* Debug */,
				CC2269561A8357D500B7C193 /* Release */,
			);
			defaultConfigurationIsVisible = 0;
			defaultConfigurationName = Release;
		};
		CC2269571A8357D500B7C193 /* Build configuration list for PBXNativeTarget "OnesTests" */ = {
			isa = XCConfigurationList;
			buildConfigurations = (
				CC2269581A8357D500B7C193 /* Debug */,
				CC2269591A8357D500B7C193 /* Release */,
			);
			defaultConfigurationIsVisible = 0;
			defaultConfigurationName = Release;
		};
		CCEAF7071AAA0F2100EABB91 /* Build configuration list for PBXNativeTarget "Ones-Today" */ = {
			isa = XCConfigurationList;
			buildConfigurations = (
				CCEAF7051AAA0F2100EABB91 /* Debug */,
				CCEAF7061AAA0F2100EABB91 /* Release */,
			);
			defaultConfigurationIsVisible = 0;
			defaultConfigurationName = Release;
		};
/* End XCConfigurationList section */

/* Begin XCVersionGroup section */
		CC2269391A8357D500B7C193 /* Ones.xcdatamodeld */ = {
			isa = XCVersionGroup;
			children = (
				CC22693A1A8357D500B7C193 /* Ones.xcdatamodel */,
			);
			currentVersion = CC22693A1A8357D500B7C193 /* Ones.xcdatamodel */;
			path = Ones.xcdatamodeld;
			sourceTree = "<group>";
			versionGroupType = wrapper.xcdatamodel;
		};
/* End XCVersionGroup section */
	};
	rootObject = CC22692A1A8357D500B7C193 /* Project object */;
}
